
Microsoft Visual Studio Solution File, Format Version 12.00
# Visual Studio 2012
Project("{FAE04EC0-301F-11D3-BF4B-00C04F79EFBC}") = "Spex", "Spex\Spex.csproj", "{FE4C975F-B284-4907-90BE-4BAC21E79930}"
EndProject
Project("{FAE04EC0-301F-11D3-BF4B-00C04F79EFBC}") = "Spex.Sample", "Spex.Sample\Spex.Sample.csproj", "{62919176-9570-4183-9844-20A8CDFF577B}"
EndProject
Project("{FAE04EC0-301F-11D3-BF4B-00C04F79EFBC}") = "ConsoleApplication1", "ConsoleApplication1\ConsoleApplication1.csproj", "{6B978D2E-6F62-401E-B620-E76F20277E6D}"
EndProject
Global
	GlobalSection(SolutionConfigurationPlatforms) = preSolution
		Debug|Any CPU = Debug|Any CPU
		Release|Any CPU = Release|Any CPU
	EndGlobalSection
	GlobalSection(ProjectConfigurationPlatforms) = postSolution
		{62919176-9570-4183-9844-20A8CDFF577B}.Debug|Any CPU.ActiveCfg = Debug|Any CPU
		{62919176-9570-4183-9844-20A8CDFF577B}.Debug|Any CPU.Build.0 = Debug|Any CPU
		{62919176-9570-4183-9844-20A8CDFF577B}.Release|Any CPU.ActiveCfg = Release|Any CPU
		{62919176-9570-4183-9844-20A8CDFF577B}.Release|Any CPU.Build.0 = Release|Any CPU
		{6B978D2E-6F62-401E-B620-E76F20277E6D}.Debug|Any CPU.ActiveCfg = Debug|Any CPU
		{6B978D2E-6F62-401E-B620-E76F20277E6D}.Debug|Any CPU.Build.0 = Debug|Any CPU
		{6B978D2E-6F62-401E-B620-E76F20277E6D}.Release|Any CPU.ActiveCfg = Release|Any CPU
		{6B978D2E-6F62-401E-B620-E76F20277E6D}.Release|Any CPU.Build.0 = Release|Any CPU
		{FE4C975F-B284-4907-90BE-4BAC21E79930}.Debug|Any CPU.ActiveCfg = Debug|Any CPU
		{FE4C975F-B284-4907-90BE-4BAC21E79930}.Debug|Any CPU.Build.0 = Debug|Any CPU
		{FE4C975F-B284-4907-90BE-4BAC21E79930}.Release|Any CPU.ActiveCfg = Release|Any CPU
		{FE4C975F-B284-4907-90BE-4BAC21E79930}.Release|Any CPU.Build.0 = Release|Any CPU
	EndGlobalSection
	GlobalSection(MonoDevelopProperties) = preSolution
		StartupItem = ConsoleApplication1\ConsoleApplication1.csproj
	EndGlobalSection
	GlobalSection(SolutionProperties) = preSolution
		HideSolutionNode = FALSE
	EndGlobalSection
EndGlobal
